Microsoft Visual Studio Solution File, Format Version 12.00
# Visual Studio Version 17
VisualStudioVersion = 17.5.2.0
MinimumVisualStudioVersion = 10.0.40219.1
Project("{2150E333-8FDC-42A3-9474-1A3956D46DE8}") = "Training", "Training", "{11031A1B-6CF2-6729-B11E-F4265D97C099}"
EndProject
Project("{FAE04EC0-301F-11D3-BF4B-00C04F79EFBC}") = "code", "Training\code\code.csproj", "{42842499-AAA0-C44B-A56E-49E9195244E1}"
EndProject
Global
	GlobalSection(SolutionConfigurationPlatforms) = preSolution
		Debug|Any CPU = Debug|Any CPU
		Release|Any CPU = Release|Any CPU
	EndGlobalSection
	GlobalSection(ProjectConfigurationPlatforms) = postSolution
		{42842499-AAA0-C44B-A56E-49E9195244E1}.Debug|Any CPU.ActiveCfg = Debug|Any CPU
		{42842499-AAA0-C44B-A56E-49E9195244E1}.Debug|Any CPU.Build.0 = Debug|Any CPU
		{42842499-AAA0-C44B-A56E-49E9195244E1}.Release|Any CPU.ActiveCfg = Release|Any CPU
		{42842499-AAA0-C44B-A56E-49E9195244E1}.Release|Any CPU.Build.0 = Release|Any CPU
	EndGlobalSection
	GlobalSection(SolutionProperties) = preSolution
		HideSolutionNode = FALSE
	EndGlobalSection
	GlobalSection(NestedProjects) = preSolution
		{42842499-AAA0-C44B-A56E-49E9195244E1} = {11031A1B-6CF2-6729-B11E-F4265D97C099}
	EndGlobalSection
	GlobalSection(ExtensibilityGlobals) = postSolution
		SolutionGuid = {2027E5E4-0A20-4237-87E6-593CCDA740DB}
	EndGlobalSection
EndGlobal
